// !$*UTF8*$!
{
	archiveVersion = 1;
	classes = {
	};
	objectVersion = 46;
	objects = {

/* Begin PBXBuildFile section */
		86EEBFE81BC1B509001FC164 /* AppDelegate.swift in Sources */ = {isa = PBXBuildFile; fileRef = 86EEBFE71BC1B509001FC164 /* AppDelegate.swift */; };
		86EEBFEB1BC1B509001FC164 /* QuickNote.xcdatamodeld in Sources */ = {isa = PBXBuildFile; fileRef = 86EEBFE91BC1B509001FC164 /* QuickNote.xcdatamodeld */; };
		86EEBFED1BC1B509001FC164 /* ViewController.swift in Sources */ = {isa = PBXBuildFile; fileRef = 86EEBFEC1BC1B509001FC164 /* ViewController.swift */; };
		86EEBFF01BC1B509001FC164 /* Main.storyboard in Resources */ = {isa = PBXBuildFile; fileRef = 86EEBFEE1BC1B509001FC164 /* Main.storyboard */; };
		86EEBFF21BC1B509001FC164 /* Images.xcassets in Resources */ = {isa = PBXBuildFile; fileRef = 86EEBFF11BC1B509001FC164 /* Images.xcassets */; };
		86EEBFF51BC1B509001FC164 /* LaunchScreen.xib in Resources */ = {isa = PBXBuildFile; fileRef = 86EEBFF31BC1B509001FC164 /* LaunchScreen.xib */; };
		86EEC0011BC1B50A001FC164 /* QuickNoteTests.swift in Sources */ = {isa = PBXBuildFile; fileRef = 86EEC0001BC1B50A001FC164 /* QuickNoteTests.swift */; };
		86EEC00F1BC1B56F001FC164 /* AcousticModelEnglish.bundle in Resources */ = {isa = PBXBuildFile; fileRef = 86EEC00B1BC1B56F001FC164 /* AcousticModelEnglish.bundle */; };
		86EEC0101BC1B56F001FC164 /* AcousticModelSpanish.bundle in Resources */ = {isa = PBXBuildFile; fileRef = 86EEC00C1BC1B56F001FC164 /* AcousticModelSpanish.bundle */; };
		86EEC0111BC1B56F001FC164 /* OpenEars.framework in Frameworks */ = {isa = PBXBuildFile; fileRef = 86EEC00D1BC1B56F001FC164 /* OpenEars.framework */; };
		86EEC0121BC1B56F001FC164 /* Slt.framework in Frameworks */ = {isa = PBXBuildFile; fileRef = 86EEC00E1BC1B56F001FC164 /* Slt.framework */; };
/* End PBXBuildFile section */

/* Begin PBXContainerItemProxy section */
		86EEBFFB1BC1B509001FC164 /* PBXContainerItemProxy */ = {
			isa = PBXContainerItemProxy;
			containerPortal = 86EEBFDA1BC1B509001FC164 /* Project object */;
			proxyType = 1;
			remoteGlobalIDString = 86EEBFE11BC1B509001FC164;
			remoteInfo = QuickNote;
		};
/* End PBXContainerItemProxy section */

/* Begin PBXFileReference section */
		86EEBFE21BC1B509001FC164 /* QuickNote.app */ = {isa = PBXFileReference; explicitFileType = wrapper.application; includeInIndex = 0; path = QuickNote.app; sourceTree = BUILT_PRODUCTS_DIR; };
		86EEBFE61BC1B509001FC164 /* Info.plist */ = {isa = PBXFileReference; lastKnownFileType = text.plist.xml; path = Info.plist; sourceTree = "<group>"; };
		86EEBFE71BC1B509001FC164 /* AppDelegate.swift */ = {isa = PBXFileReference; lastKnownFileType = sourcecode.swift; path = AppDelegate.swift; sourceTree = "<group>"; };
		86EEBFEA1BC1B509001FC164 /* QuickNote.xcdatamodel */ = {isa = PBXFileReference; lastKnownFileType = wrapper.xcdatamodel; path = QuickNote.xcdatamodel; sourceTree = "<group>"; };
		86EEBFEC1BC1B509001FC164 /* ViewController.swift */ = {isa = PBXFileReference; lastKnownFileType = sourcecode.swift; path = ViewController.swift; sourceTree = "<group>"; };
		86EEBFEF1BC1B509001FC164 /* Base */ = {isa = PBXFileReference; lastKnownFileType = file.storyboard; name = Base; path = Base.lproj/Main.storyboard; sourceTree = "<group>"; };
		86EEBFF11BC1B509001FC164 /* Images.xcassets */ = {isa = PBXFileReference; lastKnownFileType = folder.assetcatalog; path = Images.xcassets; sourceTree = "<group>"; };
		86EEBFF41BC1B509001FC164 /* Base */ = {isa = PBXFileReference; lastKnownFileType = file.xib; name = Base; path = Base.lproj/LaunchScreen.xib; sourceTree = "<group>"; };
		86EEBFFA1BC1B509001FC164 /* QuickNoteTests.xctest */ = {isa = PBXFileReference; explicitFileType = wrapper.cfbundle; includeInIndex = 0; path = QuickNoteTests.xctest; sourceTree = BUILT_PRODUCTS_DIR; };
		86EEBFFF1BC1B50A001FC164 /* Info.plist */ = {isa = PBXFileReference; lastKnownFileType = text.plist.xml; path = Info.plist; sourceTree = "<group>"; };
		86EEC0001BC1B50A001FC164 /* QuickNoteTests.swift */ = {isa = PBXFileReference; lastKnownFileType = sourcecode.swift; path = QuickNoteTests.swift; sourceTree = "<group>"; };
		86EEC00B1BC1B56F001FC164 /* AcousticModelEnglish.bundle */ = {isa = PBXFileReference; lastKnownFileType = "wrapper.plug-in"; path = AcousticModelEnglish.bundle; sourceTree = "<group>"; };
		86EEC00C1BC1B56F001FC164 /* AcousticModelSpanish.bundle */ = {isa = PBXFileReference; lastKnownFileType = "wrapper.plug-in"; path = AcousticModelSpanish.bundle; sourceTree = "<group>"; };
		86EEC00D1BC1B56F001FC164 /* OpenEars.framework */ = {isa = PBXFileReference; lastKnownFileType = wrapper.framework; path = OpenEars.framework; sourceTree = "<group>"; };
		86EEC00E1BC1B56F001FC164 /* Slt.framework */ = {isa = PBXFileReference; lastKnownFileType = wrapper.framework; path = Slt.framework; sourceTree = "<group>"; };
/* End PBXFileReference section */

/* Begin PBXFrameworksBuildPhase section */
		86EEBFDF1BC1B509001FC164 /* Frameworks */ = {
			isa = PBXFrameworksBuildPhase;
			buildActionMask = 2147483647;
			files = (
				86EEC0121BC1B56F001FC164 /* Slt.framework in Frameworks */,
				86EEC0111BC1B56F001FC164 /* OpenEars.framework in Frameworks */,
			);
			runOnlyForDeploymentPostprocessing = 0;
		};
		86EEBFF71BC1B509001FC164 /* Frameworks */ = {
			isa = PBXFrameworksBuildPhase;
			buildActionMask = 2147483647;
			files = (
			);
			runOnlyForDeploymentPostprocessing = 0;
		};
/* End PBXFrameworksBuildPhase section */

/* Begin PBXGroup section */
		86EEBFD91BC1B509001FC164 = {
			isa = PBXGroup;
			children = (
				86EEC00A1BC1B56F001FC164 /* Framework */,
				86EEBFE41BC1B509001FC164 /* QuickNote */,
				86EEBFFD1BC1B50A001FC164 /* QuickNoteTests */,
				86EEBFE31BC1B509001FC164 /* Products */,
			);
			sourceTree = "<group>";
		};
		86EEBFE31BC1B509001FC164 /* Products */ = {
			isa = PBXGroup;
			children = (
				86EEBFE21BC1B509001FC164 /* QuickNote.app */,
				86EEBFFA1BC1B509001FC164 /* QuickNoteTests.xctest */,
			);
			name = Products;
			sourceTree = "<group>";
		};
		86EEBFE41BC1B509001FC164 /* QuickNote */ = {
			isa = PBXGroup;
			children = (
				86EEBFE71BC1B509001FC164 /* AppDelegate.swift */,
				86EEBFEC1BC1B509001FC164 /* ViewController.swift */,
				86EEBFEE1BC1B509001FC164 /* Main.storyboard */,
				86EEBFF11BC1B509001FC164 /* Images.xcassets */,
				86EEBFF31BC1B509001FC164 /* LaunchScreen.xib */,
				86EEBFE91BC1B509001FC164 /* QuickNote.xcdatamodeld */,
				86EEBFE51BC1B509001FC164 /* Supporting Files */,
			);
			path = QuickNote;
			sourceTree = "<group>";
		};
		86EEBFE51BC1B509001FC164 /* Supporting Files */ = {
			isa = PBXGroup;
			children = (
				86EEBFE61BC1B509001FC164 /* Info.plist */,
			);
			name = "Supporting Files";
			sourceTree = "<group>";
		};
		86EEBFFD1BC1B50A001FC164 /* QuickNoteTests */ = {
			isa = PBXGroup;
			children = (
				86EEC0001BC1B50A001FC164 /* QuickNoteTests.swift */,
				86EEBFFE1BC1B50A001FC164 /* Supporting Files */,
			);
			path = QuickNoteTests;
			sourceTree = "<group>";
		};
		86EEBFFE1BC1B50A001FC164 /* Supporting Files */ = {
			isa = PBXGroup;
			children = (
				86EEBFFF1BC1B50A001FC164 /* Info.plist */,
			);
			name = "Supporting Files";
			sourceTree = "<group>";
		};
		86EEC00A1BC1B56F001FC164 /* Framework */ = {
			isa = PBXGroup;
			children = (
				86EEC00B1BC1B56F001FC164 /* AcousticModelEnglish.bundle */,
				86EEC00C1BC1B56F001FC164 /* AcousticModelSpanish.bundle */,
				86EEC00D1BC1B56F001FC164 /* OpenEars.framework */,
				86EEC00E1BC1B56F001FC164 /* Slt.framework */,
			);
			path = Framework;
			sourceTree = "<group>";
		};
/* End PBXGroup section */

/* Begin PBXNativeTarget section */
		86EEBFE11BC1B509001FC164 /* QuickNote */ = {
			isa = PBXNativeTarget;
			buildConfigurationList = 86EEC0041BC1B50A001FC164 /* Build configuration list for PBXNativeTarget "QuickNote" */;
			buildPhases = (
				86EEBFDE1BC1B509001FC164 /* Sources */,
				86EEBFDF1BC1B509001FC164 /* Frameworks */,
				86EEBFE01BC1B509001FC164 /* Resources */,
			);
			buildRules = (
			);
			dependencies = (
			);
			name = QuickNote;
			productName = QuickNote;
			productReference = 86EEBFE21BC1B509001FC164 /* QuickNote.app */;
			productType = "com.apple.product-type.application";
		};
		86EEBFF91BC1B509001FC164 /* QuickNoteTests */ = {
			isa = PBXNativeTarget;
			buildConfigurationList = 86EEC0071BC1B50A001FC164 /* Build configuration list for PBXNativeTarget "QuickNoteTests" */;
			buildPhases = (
				86EEBFF61BC1B509001FC164 /* Sources */,
				86EEBFF71BC1B509001FC164 /* Frameworks */,
				86EEBFF81BC1B509001FC164 /* Resources */,
			);
			buildRules = (
			);
			dependencies = (
				86EEBFFC1BC1B509001FC164 /* PBXTargetDependency */,
			);
			name = QuickNoteTests;
			productName = QuickNoteTests;
			productReference = 86EEBFFA1BC1B509001FC164 /* QuickNoteTests.xctest */;
			productType = "com.apple.product-type.bundle.unit-test";
		};
/* End PBXNativeTarget section */

/* Begin PBXProject section */
		86EEBFDA1BC1B509001FC164 /* Project object */ = {
			isa = PBXProject;
			attributes = {
				LastUpgradeCheck = 0610;
				ORGANIZATIONNAME = "Dora Shao";
				TargetAttributes = {
					86EEBFE11BC1B509001FC164 = {
						CreatedOnToolsVersion = 6.1.1;
					};
					86EEBFF91BC1B509001FC164 = {
						CreatedOnToolsVersion = 6.1.1;
						TestTargetID = 86EEBFE11BC1B509001FC164;
					};
				};
			};
			buildConfigurationList = 86EEBFDD1BC1B509001FC164 /* Build configuration list for PBXProject "QuickNote" */;
			compatibilityVersion = "Xcode 3.2";
			developmentRegion = English;
			hasScannedForEncodings = 0;
			knownRegions = (
				en,
				Base,
			);
			mainGroup = 86EEBFD91BC1B509001FC164;
			productRefGroup = 86EEBFE31BC1B509001FC164 /* Products */;
			projectDirPath = "";
			projectRoot = "";
			targets = (
				86EEBFE11BC1B509001FC164 /* QuickNote */,
				86EEBFF91BC1B509001FC164 /* QuickNoteTests */,
			);
		};
/* End PBXProject section */

/* Begin PBXResourcesBuildPhase section */
		86EEBFE01BC1B509001FC164 /* Resources */ = {
			isa = PBXResourcesBuildPhase;
			buildActionMask = 2147483647;
			files = (
				86EEBFF01BC1B509001FC164 /* Main.storyboard in Resources */,
				86EEC0101BC1B56F001FC164 /* AcousticModelSpanish.bundle in Resources */,
				86EEC00F1BC1B56F001FC164 /* AcousticModelEnglish.bundle in Resources */,
				86EEBFF51BC1B509001FC164 /* LaunchScreen.xib in Resources */,
				86EEBFF21BC1B509001FC164 /* Images.xcassets in Resources */,
			);
			runOnlyForDeploymentPostprocessing = 0;
		};
		86EEBFF81BC1B509001FC164 /* Resources */ = {
			isa = PBXResourcesBuildPhase;
			buildActionMask = 2147483647;
			files = (
			);
			runOnlyForDeploymentPostprocessing = 0;
		};
/* End PBXResourcesBuildPhase section */

/* Begin PBXSourcesBuildPhase section */
		86EEBFDE1BC1B509001FC164 /* Sources */ = {
			isa = PBXSourcesBuildPhase;
			buildActionMask = 2147483647;
			files = (
				86EEBFED1BC1B509001FC164 /* ViewController.swift in Sources */,
				86EEBFE81BC1B509001FC164 /* AppDelegate.swift in Sources */,
				86EEBFEB1BC1B509001FC164 /* QuickNote.xcdatamodeld in Sources */,
			);
			runOnlyForDeploymentPostprocessing = 0;
		};
		86EEBFF61BC1B509001FC164 /* Sources */ = {
			isa = PBXSourcesBuildPhase;
			buildActionMask = 2147483647;
			files = (
				86EEC0011BC1B50A001FC164 /* QuickNoteTests.swift in Sources */,
			);
			runOnlyForDeploymentPostprocessing = 0;
		};
/* End PBXSourcesBuildPhase section */

/* Begin PBXTargetDependency section */
		86EEBFFC1BC1B509001FC164 /* PBXTargetDependency */ = {
			isa = PBXTargetDependency;
			target = 86EEBFE11BC1B509001FC164 /* QuickNote */;
			targetProxy = 86EEBFFB1BC1B509001FC164 /* PBXContainerItemProxy */;
		};
/* End PBXTargetDependency section */

/* Begin PBXVariantGroup section */
		86EEBFEE1BC1B509001FC164 /* Main.storyboard */ = {
			isa = PBXVariantGroup;
			children = (
				86EEBFEF1BC1B509001FC164 /* Base */,
			);
			name = Main.storyboard;
			sourceTree = "<group>";
		};
		86EEBFF31BC1B509001FC164 /* LaunchScreen.xib */ = {
			isa = PBXVariantGroup;
			children = (
				86EEBFF41BC1B509001FC164 /* Base */,
			);
			name = LaunchScreen.xib;
			sourceTree = "<group>";
		};
/* End PBXVariantGroup section */

/* Begin XCBuildConfiguration section */
		86EEC0021BC1B50A001FC164 /* Debug */ = {
			isa = XCBuildConfiguration;
			buildSettings = {
				ALWAYS_SEARCH_USER_PATHS = NO;
				CLANG_CXX_LANGUAGE_STANDARD = "gnu++0x";
				CLANG_CXX_LIBRARY = "libc++";
				CLANG_ENABLE_MODULES = YES;
				CLANG_ENABLE_OBJC_ARC = YES;
				CLANG_WARN_BOOL_CONVERSION = YES;
				CLANG_WARN_CONSTANT_CONVERSION = YES;
				CLANG_WARN_DIRECT_OBJC_ISA_USAGE = YES_ERROR;
				CLANG_WARN_EMPTY_BODY = YES;
				CLANG_WARN_ENUM_CONVERSION = YES;
				CLANG_WARN_INT_CONVERSION = YES;
				CLANG_WARN_OBJC_ROOT_CLASS = YES_ERROR;
				CLANG_WARN_UNREACHABLE_CODE = YES;
				CLANG_WARN__DUPLICATE_METHOD_MATCH = YES;
				"CODE_SIGN_IDENTITY[sdk=iphoneos*]" = "iPhone Developer";
				COPY_PHASE_STRIP = NO;
				ENABLE_STRICT_OBJC_MSGSEND = YES;
				GCC_C_LANGUAGE_STANDARD = gnu99;
				GCC_DYNAMIC_NO_PIC = NO;
				GCC_OPTIMIZATION_LEVEL = 0;
				GCC_PREPROCESSOR_DEFINITIONS = (
					"DEBUG=1",
					"$(inherited)",
				);
				GCC_SYMBOLS_PRIVATE_EXTERN = NO;
				GCC_WARN_64_TO_32_BIT_CONVERSION = YES;
				GCC_WARN_ABOUT_RETURN_TYPE = YES_ERROR;
				GCC_WARN_UNDECLARED_SELECTOR = YES;
				GCC_WARN_UNINITIALIZED_AUTOS = YES_AGGRESSIVE;
				GCC_WARN_UNUSED_FUNCTION = YES;
				GCC_WARN_UNUSED_VARIABLE = YES;
				IPHONEOS_DEPLOYMENT_TARGET = 8.1;
				MTL_ENABLE_DEBUG_INFO = YES;
				ONLY_ACTIVE_ARCH = YES;
				SDKROOT = iphoneos;
				SWIFT_OPTIMIZATION_LEVEL = "-Onone";
			};
			name = Debug;
		};
		86EEC0031BC1B50A001FC164 /* Release */ = {
			isa = XCBuildConfiguration;
			buildSettings = {
				ALWAYS_SEARCH_USER_PATHS = NO;
				CLANG_CXX_LANGUAGE_STANDARD = "gnu++0x";
				CLANG_CXX_LIBRARY = "libc++";
				CLANG_ENABLE_MODULES = YES;
				CLANG_ENABLE_OBJC_ARC = YES;
				CLANG_WARN_BOOL_CONVERSION = YES;
				CLANG_WARN_CONSTANT_CONVERSION = YES;
				CLANG_WARN_DIRECT_OBJC_ISA_USAGE = YES_ERROR;
				CLANG_WARN_EMPTY_BODY = YES;
				CLANG_WARN_ENUM_CONVERSION = YES;
				CLANG_WARN_INT_CONVERSION = YES;
				CLANG_WARN_OBJC_ROOT_CLASS = YES_ERROR;
				CLANG_WARN_UNREACHABLE_CODE = YES;
				CLANG_WARN__DUPLICATE_METHOD_MATCH = YES;
				"CODE_SIGN_IDENTITY[sdk=iphoneos*]" = "iPhone Developer";
				COPY_PHASE_STRIP = YES;
				ENABLE_NS_ASSERTIONS = NO;
				ENABLE_STRICT_OBJC_MSGSEND = YES;
				GCC_C_LANGUAGE_STANDARD = gnu99;
				GCC_WARN_64_TO_32_BIT_CONVERSION = YES;
				GCC_WARN_ABOUT_RETURN_TYPE = YES_ERROR;
				GCC_WARN_UNDECLARED_SELECTOR = YES;
				GCC_WARN_UNINITIALIZED_AUTOS = YES_AGGRESSIVE;
				GCC_WARN_UNUSED_FUNCTION = YES;
				GCC_WARN_UNUSED_VARIABLE = YES;
				IPHONEOS_DEPLOYMENT_TARGET = 8.1;
				MTL_ENABLE_DEBUG_INFO = NO;
				SDKROOT = iphoneos;
				VALIDATE_PRODUCT = YES;
			};
			name = Release;
		};
		86EEC0051BC1B50A001FC164 /* Debug */ = {
			isa = XCBuildConfiguration;
			buildSettings = {
				ASSETCATALOG_COMPILER_APPICON_NAME = AppIcon;
				FRAMEWORK_SEARCH_PATHS = (
					"$(inherited)",
					"$(PROJECT_DIR)/Framework",
				);
				INFOPLIST_FILE = QuickNote/Info.plist;
				LD_RUNPATH_SEARCH_PATHS = "$(inherited) @executable_path/Frameworks";
				PRODUCT_NAME = "$(TARGET_NAME)";
			};
			name = Debug;
		};
		86EEC0061BC1B50A001FC164 /* Release */ = {
			isa = XCBuildConfiguration;
			buildSettings = {
				ASSETCATALOG_COMPILER_APPICON_NAME = AppIcon;
				FRAMEWORK_SEARCH_PATHS = (
					"$(inherited)",
					"$(PROJECT_DIR)/Framework",
				);
				INFOPLIST_FILE = QuickNote/Info.plist;
				LD_RUNPATH_SEARCH_PATHS = "$(inherited) @executable_path/Frameworks";
				PRODUCT_NAME = "$(TARGET_NAME)";
			};
			name = Release;
		};
		86EEC0081BC1B50A001FC164 /* Debug */ = {
			isa = XCBuildConfiguration;
			buildSettings = {
				BUNDLE_LOADER = "$(TEST_HOST)";
				FRAMEWORK_SEARCH_PATHS = (
					"$(SDKROOT)/Developer/Library/Frameworks",
					"$(inherited)",
				);
				GCC_PREPROCESSOR_DEFINITIONS = (
					"DEBUG=1",
					"$(inherited)",
				);
				INFOPLIST_FILE = QuickNoteTests/Info.plist;
				LD_RUNPATH_SEARCH_PATHS = "$(inherited) @executable_path/Frameworks @loader_path/Frameworks";
				PRODUCT_NAME = "$(TARGET_NAME)";
				TEST_HOST = "$(BUILT_PRODUCTS_DIR)/QuickNote.app/QuickNote";
			};
			name = Debug;
		};
		86EEC0091BC1B50A001FC164 /* Release */ = {
			isa = XCBuildConfiguration;
			buildSettings = {
				BUNDLE_LOADER = "$(TEST_HOST)";
				FRAMEWORK_SEARCH_PATHS = (
					"$(SDKROOT)/Developer/Library/Frameworks",
					"$(inherited)",
				);
				INFOPLIST_FILE = QuickNoteTests/Info.plist;
				LD_RUNPATH_SEARCH_PATHS = "$(inherited) @executable_path/Frameworks @loader_path/Frameworks";
				PRODUCT_NAME = "$(TARGET_NAME)";
				TEST_HOST = "$(BUILT_PRODUCTS_DIR)/QuickNote.app/QuickNote";
			};
			name = Release;
		};
/* End XCBuildConfiguration section */

/* Begin XCConfigurationList section */
		86EEBFDD1BC1B509001FC164 /* Build configuration list for PBXProject "QuickNote" */ = {
			isa = XCConfigurationList;
			buildConfigurations = (
				86EEC0021BC1B50A001FC164 /* Debug */,
				86EEC0031BC1B50A001FC164 /* Release */,
			);
			defaultConfigurationIsVisible = 0;
			defaultConfigurationName = Release;
		};
		86EEC0041BC1B50A001FC164 /* Build configuration list for PBXNativeTarget "QuickNote" */ = {
			isa = XCConfigurationList;
			buildConfigurations = (
				86EEC0051BC1B50A001FC164 /* Debug */,
				86EEC0061BC1B50A001FC164 /* Release */,
			);
			defaultConfigurationIsVisible = 0;
		};
		86EEC0071BC1B50A001FC164 /* Build configuration list for PBXNativeTarget "QuickNoteTests" */ = {
			isa = XCConfigurationList;
			buildConfigurations = (
				86EEC0081BC1B50A001FC164 /* Debug */,
				86EEC0091BC1B50A001FC164 /* Release */,
			);
			defaultConfigurationIsVisible = 0;
		};
/* End XCConfigurationList section */

/* Begin XCVersionGroup section */
		86EEBFE91BC1B509001FC164 /* QuickNote.xcdatamodeld */ = {
			isa = XCVersionGroup;
			children = (
				86EEBFEA1BC1B509001FC164 /* QuickNote.xcdatamodel */,
			);
			currentVersion = 86EEBFEA1BC1B509001FC164 /* QuickNote.xcdatamodel */;
			path = QuickNote.xcdatamodeld;
			sourceTree = "<group>";
			versionGroupType = wrapper.xcdatamodel;
		};
/* End XCVersionGroup section */
	};
	rootObject = 86EEBFDA1BC1B509001FC164 /* Project object */;
}
